{
  "version": "3",
  "redirects": {
    "https://crux.land/nanossr@0.0.1": "https://crux.land/api/get/4cfWmS.ts",
    "https://deno.land/x/nano_jsx/mod.ts": "https://deno.land/x/nano_jsx@v0.1.0/mod.ts"
  },
  "remote": {
    "https://cdn.skypack.dev/-/@twind/typography@v0.0.2-8DW2vLpYlpvZxmI13GVM/dist=es2019,mode=imports/optimized/@twind/typography.js": "865040d2ed01c37044afd78fe1570d06880e8c07ad5181c6f1a6e2b677157e0a",
    "https://cdn.skypack.dev/-/style-vendorizer@v2.2.3-Q2FwLODAcVuUplWkRLVT/dist=es2019,mode=imports/optimized/style-vendorizer.js": "1cb96efe1bd1b6e0614073cd7b3c19b7a50ae1c96c7663f0d69a75518f18811b",
    "https://cdn.skypack.dev/-/twind@v0.16.19-CaNDOlA4Nfo7ponDzANK/dist=es2019,mode=imports/optimized/twind.js": "18c96bb78ada47ec34a4839242e5ebfcb98857bb5e9c0e64bf91cab56dc6e792",
    "https://cdn.skypack.dev/-/twind@v0.16.19-CaNDOlA4Nfo7ponDzANK/dist=es2019,mode=imports/optimized/twind/sheets.js": "d8490b1c1f6157c358f5d6a1df980e9a5887239d4aa9c4a69bc2d107f36dab32",
    "https://cdn.skypack.dev/@twind/typography": "8108cf6ccbef556a429206139bfff5b21d20cacada698969cc596e9272d74d1b",
    "https://cdn.skypack.dev/twind": "29ec2ec8efba6a38869953bbde5445c2d2b404f0fb0264d811ef69c5dc41475d",
    "https://cdn.skypack.dev/twind/sheets": "10e5142afe6a2b7d43fa9647677d578d705b8b4377d227d3733b17de0a5ab705",
    "https://crux.land/api/get/4cfWmS.ts": "8126725e290a70336f1bfead2b827a3f296d14c2c992cc89f7e5e094cc5d0057",
    "https://deno.land/std@0.184.0/_util/asserts.ts": "178dfc49a464aee693a7e285567b3d0b555dc805ff490505a8aae34f9cfb1462",
    "https://deno.land/std@0.184.0/_util/os.ts": "d932f56d41e4f6a6093d56044e29ce637f8dcc43c5a90af43504a889cf1775e3",
    "https://deno.land/std@0.184.0/encoding/hex.ts": "b4b1a7cb678745b0bf181ed8cf2498c7be00d121a7de244b752fbf9c7d9c48cd",
    "https://deno.land/std@0.184.0/fmt/colors.ts": "d67e3cd9f472535241a8e410d33423980bec45047e343577554d3356e1f0ef4e",
    "https://deno.land/std@0.184.0/fs/_util.ts": "579038bebc3bd35c43a6a7766f7d91fbacdf44bc03468e9d3134297bb99ed4f9",
    "https://deno.land/std@0.184.0/fs/copy.ts": "14214efd94fc3aa6db1e4af2b4b9578e50f7362b7f3725d5a14ad259a5df26c8",
    "https://deno.land/std@0.184.0/fs/empty_dir.ts": "c3d2da4c7352fab1cf144a1ecfef58090769e8af633678e0f3fabaef98594688",
    "https://deno.land/std@0.184.0/fs/ensure_dir.ts": "dc64c4c75c64721d4e3fb681f1382f803ff3d2868f08563ff923fdd20d071c40",
    "https://deno.land/std@0.184.0/fs/ensure_file.ts": "c38602670bfaf259d86ca824a94e6cb9e5eb73757fefa4ebf43a90dd017d53d9",
    "https://deno.land/std@0.184.0/fs/ensure_link.ts": "c0f5b2f0ec094ed52b9128eccb1ee23362a617457aa0f699b145d4883f5b2fb4",
    "https://deno.land/std@0.184.0/fs/ensure_symlink.ts": "5006ab2f458159c56d689b53b1e48d57e05eeb1eaf64e677f7f76a30bc4fdba1",
    "https://deno.land/std@0.184.0/fs/eol.ts": "f1f2eb348a750c34500741987b21d65607f352cf7205f48f4319d417fff42842",
    "https://deno.land/std@0.184.0/fs/exists.ts": "29c26bca8584a22876be7cb8844f1b6c8fc35e9af514576b78f5c6884d7ed02d",
    "https://deno.land/std@0.184.0/fs/expand_glob.ts": "e4f56259a0a70fe23f05215b00de3ac5e6ba46646ab2a06ebbe9b010f81c972a",
    "https://deno.land/std@0.184.0/fs/mod.ts": "bc3d0acd488cc7b42627044caf47d72019846d459279544e1934418955ba4898",
    "https://deno.land/std@0.184.0/fs/move.ts": "b4f8f46730b40c32ea3c0bc8eb0fd0e8139249a698883c7b3756424cf19785c9",
    "https://deno.land/std@0.184.0/fs/walk.ts": "920be35a7376db6c0b5b1caf1486fb962925e38c9825f90367f8f26b5e5d0897",
    "https://deno.land/std@0.184.0/path/_constants.ts": "e49961f6f4f48039c0dfed3c3f93e963ca3d92791c9d478ac5b43183413136e0",
    "https://deno.land/std@0.184.0/path/_interface.ts": "6471159dfbbc357e03882c2266d21ef9afdb1e4aa771b0545e90db58a0ba314b",
    "https://deno.land/std@0.184.0/path/_util.ts": "d7abb1e0dea065f427b89156e28cdeb32b045870acdf865833ba808a73b576d0",
    "https://deno.land/std@0.184.0/path/common.ts": "ee7505ab01fd22de3963b64e46cff31f40de34f9f8de1fff6a1bd2fe79380000",
    "https://deno.land/std@0.184.0/path/glob.ts": "d479e0a695621c94d3fd7fe7abd4f9499caf32a8de13f25073451c6ef420a4e1",
    "https://deno.land/std@0.184.0/path/mod.ts": "bf718f19a4fdd545aee1b06409ca0805bd1b68ecf876605ce632e932fe54510c",
    "https://deno.land/std@0.184.0/path/posix.ts": "8b7c67ac338714b30c816079303d0285dd24af6b284f7ad63da5b27372a2c94d",
    "https://deno.land/std@0.184.0/path/separator.ts": "0fb679739d0d1d7bf45b68dacfb4ec7563597a902edbaf3c59b50d5bcadd93b1",
    "https://deno.land/std@0.184.0/path/win32.ts": "d186344e5583bcbf8b18af416d13d82b35a317116e6460a5a3953508c3de5bba",
    "https://deno.land/std@0.209.0/async/delay.ts": "d414b6ff5b597a3b8a90b1b860b675062a106ad0e311816256f4696aa40ec1a1",
    "https://deno.land/std@0.209.0/http/server.ts": "f3cde6672e631d3e00785743cfa96bfed275618c0352c5ae84abbe5a2e0e4afc",
    "https://deno.land/x/nano_jsx@v0.1.0/component.ts": "6bd3dab67754e91308df863e11e2b7945bbe0bf575b4bc529e8a9e02087eb732",
    "https://deno.land/x/nano_jsx@v0.1.0/components/helmet.ts": "59e598dc79c7b18620de175c61eb26f4aeb6905a6654cd63359208a26471541e",
    "https://deno.land/x/nano_jsx@v0.1.0/components/img.ts": "82a9f830394a7d6cd9b789b48fe1e70bc64eb151c4b410a3da74347c06acdae0",
    "https://deno.land/x/nano_jsx@v0.1.0/components/index.ts": "8855ee8302a9a19f38202d4a7ff5b17e22942600da02356bdfbc80c99c5c55f5",
    "https://deno.land/x/nano_jsx@v0.1.0/components/link.ts": "0f0b1c57dc8c466203105062335e0d9ded89a34e75d08b1bbeece198d42021cb",
    "https://deno.land/x/nano_jsx@v0.1.0/components/router.ts": "186e77064a96c31cb66ff1935c93d91904347647fcb13b56b5875ea64905397d",
    "https://deno.land/x/nano_jsx@v0.1.0/components/suspense.ts": "0711b7cdcd42b0b085972eca796d3ba7c436a736e1d2ce17db7e0cd1d3b928f5",
    "https://deno.land/x/nano_jsx@v0.1.0/components/visible.ts": "f19487f7faff0bad38a5549f1efac1df351e83ee4a77ca5886412b439f4b6b53",
    "https://deno.land/x/nano_jsx@v0.1.0/context.ts": "a65018beedf3e1863b96f9d99cf2d471c231a6ae0c77877a77754a398105f9fc",
    "https://deno.land/x/nano_jsx@v0.1.0/core.ts": "9346346ba7ddc52057131953a333c3ffa12e2a93aaceb25dabbab4bf8f1a171c",
    "https://deno.land/x/nano_jsx@v0.1.0/customElementsMode.ts": "61b9688ae89bfcc6109b72eaab4d82a69a8482d89770f3e2c1359b79bf57bb91",
    "https://deno.land/x/nano_jsx@v0.1.0/fragment.ts": "9cfb0dcdcb02d5cc53f027b4b55609e4f9d6d9322b665292e572856f4b688569",
    "https://deno.land/x/nano_jsx@v0.1.0/helpers.ts": "d904aa646534f1c0cf7c05a6c8e02231f906d962acb725c964aedbcf50216d85",
    "https://deno.land/x/nano_jsx@v0.1.0/htm.ts": "d8d9cd4fb4ad4645bff3698c7eb96e7798022c5519d04e709ebde236edde156b",
    "https://deno.land/x/nano_jsx@v0.1.0/htm/build.ts": "9d6b6eb407c0db2d1213a3f9c82efc66a2bec34c89976132ff13e3e095dcaaaf",
    "https://deno.land/x/nano_jsx@v0.1.0/htm/constants.ts": "3f296f87f03bd0ba8d7673884a1f6c4c927a2774648eaa4fd3ca9e3c46c3f7b8",
    "https://deno.land/x/nano_jsx@v0.1.0/htm/index.ts": "29912b9f7a760884fce79caca82649b9772cfa3c3272e0426a4ce377b67d70d5",
    "https://deno.land/x/nano_jsx@v0.1.0/index.ts": "0f39c911a39c61cb39f9bd8a2481500126dcb1b2a826d5b4523dd47a08b6938d",
    "https://deno.land/x/nano_jsx@v0.1.0/jsx.ts": "7d5b4d4a249fba1a42f2016f54f71ca049d96ff490e098db4a19b2a9b197b952",
    "https://deno.land/x/nano_jsx@v0.1.0/lazy.ts": "f8b8a2b915daff1fb70704ffad5171c805f1e28778b5cd0f8c827780762776c4",
    "https://deno.land/x/nano_jsx@v0.1.0/mod.ts": "3dda2bc0dbee9abd01c03acf43ab55a7854952afe0450245fc2ad12eb9bd9598",
    "https://deno.land/x/nano_jsx@v0.1.0/regexDom.ts": "de82fd3110c5a367e3d4ba9b774cfef3baf995deff455edc7363551d79089c90",
    "https://deno.land/x/nano_jsx@v0.1.0/ssr.ts": "1ab6c17f41f612fe409d29d81ce1f17692ff02e5abea6ef4080cabecafc246dd",
    "https://deno.land/x/nano_jsx@v0.1.0/state.ts": "cfc6ca6eb5e65f4cd60717a0a96ce604053bacf6e0b8835afbe22327e9979a1b",
    "https://deno.land/x/nano_jsx@v0.1.0/store.ts": "bf075833a656fc87b2a24c486bb3f77e13f19d6d9efcc42e31ffb6f24ec8eb93",
    "https://deno.land/x/nano_jsx@v0.1.0/types.ts": "fb338d7fa4422a92c442d14e073a2deb01d42b017fcd36013a1f6554e17c5449",
    "https://deno.land/x/nano_jsx@v0.1.0/version.ts": "d7f3813a3b1c490f16e77047483b0dc52cc0cec6cb1b73d6926cf9ad96129a59",
    "https://deno.land/x/nano_jsx@v0.1.0/withStyles.ts": "8aae4c8e79319fe991d49dd8ccc927c221786dfe58de640dba9d9885ce0dd4b7",
    "https://deno.land/x/plug@1.0.2/deps.ts": "36846a478fafaa1d8ca18aafd91584a748aa58de47ad0f45f008881dad82f374",
    "https://deno.land/x/plug@1.0.2/download.ts": "b92bc1c1ae35fdb75828847f1ebfc7e51bf462f339729740e1cffe78384e1509",
    "https://deno.land/x/plug@1.0.2/mod.ts": "32e0006ed6142e7becdb4103c2aa4e1e9ef28459d7243d6cb404a028f7c4eb7e",
    "https://deno.land/x/plug@1.0.2/types.ts": "0490359117c53783138f2b6692a34f85bca9237314ba8cdef8ad682d81218d21",
    "https://deno.land/x/plug@1.0.2/util.ts": "ded3db6e9bb16b8003899d9073fb310e13231ca617b35d6b7dfd53f38762cc76",
    "https://deno.land/x/webview@0.7.6/deps.ts": "952f155c6e78a032288e25356bebdede04dd982f32457de541ff47e2aefff685",
    "https://deno.land/x/webview@0.7.6/mod.ts": "c63ad9bffdf37742d84aa3637e1a4e7e3cad7303a80bbe87ce3048b27d2f3d89",
    "https://deno.land/x/webview@0.7.6/src/ffi.ts": "b86e4bc26e31d78e4fed1e19551c412654fbccf29066ea6f68edeb7821bb8032",
    "https://deno.land/x/webview@0.7.6/src/webview.ts": "063a64685c2d3946ef29722a7e9c1dac475c1a029fb713fc6abe3c950fe208f6"
  }
}
