{
  "version": "3",
  "packages": {
    "specifiers": {
      "npm:@js-temporal/polyfill@0.4.4": "npm:@js-temporal/polyfill@0.4.4",
      "npm:markdown-it-attrs@4.1.6": "npm:markdown-it-attrs@4.1.6_markdown-it@14.0.0",
      "npm:markdown-it-deflist@3.0.0": "npm:markdown-it-deflist@3.0.0",
      "npm:markdown-it@14.0.0": "npm:markdown-it@14.0.0"
    },
    "npm": {
      "@js-temporal/polyfill@0.4.4": {
        "integrity": "sha512-2X6bvghJ/JAoZO52lbgyAPFj8uCflhTo2g7nkFzEQdXd/D8rEeD4HtmTEpmtGCva260fcd66YNXBOYdnmHqSOg==",
        "dependencies": {
          "jsbi": "jsbi@4.3.0",
          "tslib": "tslib@2.6.2"
        }
      },
      "argparse@2.0.1": {
        "integrity": "sha512-8+9WqebbFzpX9OR+Wa6O29asIogeRMzcGtAINdpMHHyAg10f05aSFVBbcEqGf/PXw1EjAZ+q2/bEBg3DvurK3Q==",
        "dependencies": {}
      },
      "entities@4.5.0": {
        "integrity": "sha512-V0hjH4dGPh9Ao5p0MoRY6BVqtwCjhz6vI5LT8AJ55H+4g9/4vbHx1I54fS0XuclLhDHArPQCiMjDxjaL8fPxhw==",
        "dependencies": {}
      },
      "jsbi@4.3.0": {
        "integrity": "sha512-SnZNcinB4RIcnEyZqFPdGPVgrg2AcnykiBy0sHVJQKHYeaLUvi3Exj+iaPpLnFVkDPZIV4U0yvgC9/R4uEAZ9g==",
        "dependencies": {}
      },
      "linkify-it@5.0.0": {
        "integrity": "sha512-5aHCbzQRADcdP+ATqnDuhhJ/MRIqDkZX5pyjFHRRysS8vZ5AbqGEoFIb6pYHPZ+L/OC2Lc+xT8uHVVR5CAK/wQ==",
        "dependencies": {
          "uc.micro": "uc.micro@2.1.0"
        }
      },
      "markdown-it-attrs@4.1.6_markdown-it@14.0.0": {
        "integrity": "sha512-O7PDKZlN8RFMyDX13JnctQompwrrILuz2y43pW2GagcwpIIElkAdfeek+erHfxUOlXWPsjFeWmZ8ch1xtRLWpA==",
        "dependencies": {
          "markdown-it": "markdown-it@14.0.0"
        }
      },
      "markdown-it-deflist@3.0.0": {
        "integrity": "sha512-OxPmQ/keJZwbubjiQWOvKLHwpV2wZ5I3Smc81OjhwbfJsjdRrvD5aLTQxmZzzePeO0kbGzAo3Krk4QLgA8PWLg==",
        "dependencies": {}
      },
      "markdown-it@14.0.0": {
        "integrity": "sha512-seFjF0FIcPt4P9U39Bq1JYblX0KZCjDLFFQPHpL5AzHpqPEKtosxmdq/LTVZnjfH7tjt9BxStm+wXcDBNuYmzw==",
        "dependencies": {
          "argparse": "argparse@2.0.1",
          "entities": "entities@4.5.0",
          "linkify-it": "linkify-it@5.0.0",
          "mdurl": "mdurl@2.0.0",
          "punycode.js": "punycode.js@2.3.1",
          "uc.micro": "uc.micro@2.1.0"
        }
      },
      "mdurl@2.0.0": {
        "integrity": "sha512-Lf+9+2r+Tdp5wXDXC4PcIBjTDtq4UKjCPMQhKIuzpJNW0b96kVqSwW0bT7FhRSfmAiFYgP+SCRvdrDozfh0U5w==",
        "dependencies": {}
      },
      "punycode.js@2.3.1": {
        "integrity": "sha512-uxFIHU0YlHYhDQtV4R9J6a52SLx28BCjT+4ieh7IGbgwVJWO+km431c4yRlREUAsAmt/uMjQUyQHNEPf0M39CA==",
        "dependencies": {}
      },
      "tslib@2.6.2": {
        "integrity": "sha512-AEYxH93jGFPn/a2iVAwW87VuUIkR1FVUKB77NwMF7nBTDkDrrT/Hpt/IrCJ0QXhW27jTBDcf5ZY7w6RiqTMw2Q==",
        "dependencies": {}
      },
      "uc.micro@2.1.0": {
        "integrity": "sha512-ARDJmphmdvUk6Glw7y9DQ2bFkKBHwQHLi2lsaH6PPmz/Ka9sFOBsBluozhDltWmnv9u/cF6Rt87znRTPV+yp/A==",
        "dependencies": {}
      }
    }
  },
  "remote": {
    "https://deno.land/std@0.205.0/assert/assert.ts": "9a97dad6d98c238938e7540736b826440ad8c1c1e54430ca4c4e623e585607ee",
    "https://deno.land/std@0.205.0/assert/assertion_error.ts": "4d0bde9b374dfbcbe8ac23f54f567b77024fb67dbb1906a852d67fe050d42f56",
    "https://deno.land/std@0.205.0/html/entities.ts": "43f208131bb847e6e222c9dd50322066491da93ed945a93d778923ef7e975398",
    "https://deno.land/std@0.205.0/html/mod.ts": "3f8c71781e32037ab63bd417759d15d31fb9606c6615c85dcabcc515986494ba",
    "https://deno.land/std@0.205.0/path/_common/assert_path.ts": "061e4d093d4ba5aebceb2c4da3318bfe3289e868570e9d3a8e327d91c2958946",
    "https://deno.land/std@0.205.0/path/_common/basename.ts": "0d978ff818f339cd3b1d09dc914881f4d15617432ae519c1b8fdc09ff8d3789a",
    "https://deno.land/std@0.205.0/path/_common/common.ts": "9e4233b2eeb50f8b2ae10ecc2108f58583aea6fd3e8907827020282dc2b76143",
    "https://deno.land/std@0.205.0/path/_common/constants.ts": "e49961f6f4f48039c0dfed3c3f93e963ca3d92791c9d478ac5b43183413136e0",
    "https://deno.land/std@0.205.0/path/_common/dirname.ts": "2ba7fb4cc9fafb0f38028f434179579ce61d4d9e51296fad22b701c3d3cd7397",
    "https://deno.land/std@0.205.0/path/_common/format.ts": "11aa62e316dfbf22c126917f5e03ea5fe2ee707386555a8f513d27ad5756cf96",
    "https://deno.land/std@0.205.0/path/_common/from_file_url.ts": "ef1bf3197d2efbf0297a2bdbf3a61d804b18f2bcce45548ae112313ec5be3c22",
    "https://deno.land/std@0.205.0/path/_common/glob_to_reg_exp.ts": "5c3c2b79fc2294ec803d102bd9855c451c150021f452046312819fbb6d4dc156",
    "https://deno.land/std@0.205.0/path/_common/is_glob.ts": "567dce5c6656bdedfc6b3ee6c0833e1e4db2b8dff6e62148e94a917f289c06ad",
    "https://deno.land/std@0.205.0/path/_common/normalize.ts": "2ba7fb4cc9fafb0f38028f434179579ce61d4d9e51296fad22b701c3d3cd7397",
    "https://deno.land/std@0.205.0/path/_common/normalize_string.ts": "88c472f28ae49525f9fe82de8c8816d93442d46a30d6bb5063b07ff8a89ff589",
    "https://deno.land/std@0.205.0/path/_common/relative.ts": "1af19d787a2a84b8c534cc487424fe101f614982ae4851382c978ab2216186b4",
    "https://deno.land/std@0.205.0/path/_common/strip_trailing_separators.ts": "7ffc7c287e97bdeeee31b155828686967f222cd73f9e5780bfe7dfb1b58c6c65",
    "https://deno.land/std@0.205.0/path/_common/to_file_url.ts": "a8cdd1633bc9175b7eebd3613266d7c0b6ae0fb0cff24120b6092ac31662f9ae",
    "https://deno.land/std@0.205.0/path/_interface.ts": "6471159dfbbc357e03882c2266d21ef9afdb1e4aa771b0545e90db58a0ba314b",
    "https://deno.land/std@0.205.0/path/_os.ts": "30b0c2875f360c9296dbe6b7f2d528f0f9c741cecad2e97f803f5219e91b40a2",
    "https://deno.land/std@0.205.0/path/basename.ts": "04bb5ef3e86bba8a35603b8f3b69537112cdd19ce64b77f2522006da2977a5f3",
    "https://deno.land/std@0.205.0/path/common.ts": "f4d061c7d0b95a65c2a1a52439edec393e906b40f1caf4604c389fae7caa80f5",
    "https://deno.land/std@0.205.0/path/dirname.ts": "88a0a71c21debafc4da7a4cd44fd32e899462df458fbca152390887d41c40361",
    "https://deno.land/std@0.205.0/path/extname.ts": "2da4e2490f3b48b7121d19fb4c91681a5e11bd6bd99df4f6f47d7a71bb6ecdf2",
    "https://deno.land/std@0.205.0/path/format.ts": "3457530cc85d1b4bab175f9ae73998b34fd456c830d01883169af0681b8894fb",
    "https://deno.land/std@0.205.0/path/from_file_url.ts": "e7fa233ea1dff9641e8d566153a24d95010110185a6f418dd2e32320926043f8",
    "https://deno.land/std@0.205.0/path/glob.ts": "9c77cf47db1d786e2ebf66670824d03fd84ecc7c807cac24441eb9d5cb6a2986",
    "https://deno.land/std@0.205.0/path/is_absolute.ts": "67232b41b860571c5b7537f4954c88d86ae2ba45e883ee37d3dec27b74909d13",
    "https://deno.land/std@0.205.0/path/join.ts": "98d3d76c819af4a11a81d5ba2dbb319f1ce9d63fc2b615597d4bcfddd4a89a09",
    "https://deno.land/std@0.205.0/path/mod.ts": "2d62a0a8b78a60e8e6f485d881bac6b61d58573b11cf585fb7c8fc50d9b20d80",
    "https://deno.land/std@0.205.0/path/normalize.ts": "aa95be9a92c7bd4f9dc0ba51e942a1973e2b93d266cd74f5ca751c136d520b66",
    "https://deno.land/std@0.205.0/path/parse.ts": "d87ff0deef3fb495bc0d862278ff96da5a06acf0625ca27769fc52ac0d3d6ece",
    "https://deno.land/std@0.205.0/path/posix/_util.ts": "ecf49560fedd7dd376c6156cc5565cad97c1abe9824f4417adebc7acc36c93e5",
    "https://deno.land/std@0.205.0/path/posix/basename.ts": "a630aeb8fd8e27356b1823b9dedd505e30085015407caa3396332752f6b8406a",
    "https://deno.land/std@0.205.0/path/posix/common.ts": "e781d395dc76f6282e3f7dd8de13194abb8b04a82d109593141abc6e95755c8b",
    "https://deno.land/std@0.205.0/path/posix/dirname.ts": "f48c9c42cc670803b505478b7ef162c7cfa9d8e751b59d278b2ec59470531472",
    "https://deno.land/std@0.205.0/path/posix/extname.ts": "ee7f6571a9c0a37f9218fbf510c440d1685a7c13082c348d701396cc795e0be0",
    "https://deno.land/std@0.205.0/path/posix/format.ts": "b94876f77e61bfe1f147d5ccb46a920636cd3cef8be43df330f0052b03875968",
    "https://deno.land/std@0.205.0/path/posix/from_file_url.ts": "b97287a83e6407ac27bdf3ab621db3fccbf1c27df0a1b1f20e1e1b5acf38a379",
    "https://deno.land/std@0.205.0/path/posix/glob.ts": "86c3f06d1c98303613c74650961c3e24bdb871cde2a97c3ae7f0f6d4abbef445",
    "https://deno.land/std@0.205.0/path/posix/is_absolute.ts": "159900a3422d11069d48395568217eb7fc105ceda2683d03d9b7c0f0769e01b8",
    "https://deno.land/std@0.205.0/path/posix/join.ts": "0c0d84bdc344876930126640011ec1b888e6facf74153ffad9ef26813aa2a076",
    "https://deno.land/std@0.205.0/path/posix/mod.ts": "6bfa8a42d85345b12dbe8571028ca2c62d460b6ef968125e498602b43b6cf6b6",
    "https://deno.land/std@0.205.0/path/posix/normalize.ts": "11de90a94ab7148cc46e5a288f7d732aade1d616bc8c862f5560fa18ff987b4b",
    "https://deno.land/std@0.205.0/path/posix/parse.ts": "199208f373dd93a792e9c585352bfc73a6293411bed6da6d3bc4f4ef90b04c8e",
    "https://deno.land/std@0.205.0/path/posix/relative.ts": "e2f230608b0f083e6deaa06e063943e5accb3320c28aef8d87528fbb7fe6504c",
    "https://deno.land/std@0.205.0/path/posix/resolve.ts": "51579d83159d5c719518c9ae50812a63959bbcb7561d79acbdb2c3682236e285",
    "https://deno.land/std@0.205.0/path/posix/separator.ts": "0b6573b5f3269a3164d8edc9cefc33a02dd51003731c561008c8bb60220ebac1",
    "https://deno.land/std@0.205.0/path/posix/to_file_url.ts": "08d43ea839ee75e9b8b1538376cfe95911070a655cd312bc9a00f88ef14967b6",
    "https://deno.land/std@0.205.0/path/posix/to_namespaced_path.ts": "c9228a0e74fd37e76622cd7b142b8416663a9b87db643302fa0926b5a5c83bdc",
    "https://deno.land/std@0.205.0/path/relative.ts": "23d45ede8b7ac464a8299663a43488aad6b561414e7cbbe4790775590db6349c",
    "https://deno.land/std@0.205.0/path/resolve.ts": "5b184efc87155a0af9fa305ff68a109e28de9aee81fc3e77cd01380f19daf867",
    "https://deno.land/std@0.205.0/path/separator.ts": "40a3e9a4ad10bef23bc2cd6c610291b6c502a06237c2c4cd034a15ca78dedc1f",
    "https://deno.land/std@0.205.0/path/to_file_url.ts": "edaafa089e0bce386e1b2d47afe7c72e379ff93b28a5829a5885e4b6c626d864",
    "https://deno.land/std@0.205.0/path/to_namespaced_path.ts": "cf8734848aac3c7527d1689d2adf82132b1618eff3cc523a775068847416b22a",
    "https://deno.land/std@0.205.0/path/windows/_util.ts": "f32b9444554c8863b9b4814025c700492a2b57ff2369d015360970a1b1099d54",
    "https://deno.land/std@0.205.0/path/windows/basename.ts": "8a9dbf7353d50afbc5b221af36c02a72c2d1b2b5b9f7c65bf6a5a2a0baf88ad3",
    "https://deno.land/std@0.205.0/path/windows/common.ts": "e781d395dc76f6282e3f7dd8de13194abb8b04a82d109593141abc6e95755c8b",
    "https://deno.land/std@0.205.0/path/windows/dirname.ts": "5c2aa541384bf0bd9aca821275d2a8690e8238fa846198ef5c7515ce31a01a94",
    "https://deno.land/std@0.205.0/path/windows/extname.ts": "07f4fa1b40d06a827446b3e3bcc8d619c5546b079b8ed0c77040bbef716c7614",
    "https://deno.land/std@0.205.0/path/windows/format.ts": "343019130d78f172a5c49fdc7e64686a7faf41553268961e7b6c92a6d6548edf",
    "https://deno.land/std@0.205.0/path/windows/from_file_url.ts": "d53335c12b0725893d768be3ac6bf0112cc5b639d2deb0171b35988493b46199",
    "https://deno.land/std@0.205.0/path/windows/glob.ts": "0286fb89ecd21db5cbf3b6c79e2b87c889b03f1311e66fb769e6b905d4142332",
    "https://deno.land/std@0.205.0/path/windows/is_absolute.ts": "245b56b5f355ede8664bd7f080c910a97e2169972d23075554ae14d73722c53c",
    "https://deno.land/std@0.205.0/path/windows/join.ts": "e6600bf88edeeef4e2276e155b8de1d5dec0435fd526ba2dc4d37986b2882f16",
    "https://deno.land/std@0.205.0/path/windows/mod.ts": "c3d1a36fbf9f6db1320bcb4fbda8de011d25461be3497105e15cbea1e3726198",
    "https://deno.land/std@0.205.0/path/windows/normalize.ts": "9deebbf40c81ef540b7b945d4ccd7a6a2c5a5992f791e6d3377043031e164e69",
    "https://deno.land/std@0.205.0/path/windows/parse.ts": "120faf778fe1f22056f33ded069b68e12447668fcfa19540c0129561428d3ae5",
    "https://deno.land/std@0.205.0/path/windows/relative.ts": "026855cd2c36c8f28f1df3c6fbd8f2449a2aa21f48797a74700c5d872b86d649",
    "https://deno.land/std@0.205.0/path/windows/resolve.ts": "5ff441ab18a2346abadf778121128ee71bda4d0898513d4639a6ca04edca366b",
    "https://deno.land/std@0.205.0/path/windows/separator.ts": "ae21f27015f10510ed1ac4a0ba9c4c9c967cbdd9d9e776a3e4967553c397bd5d",
    "https://deno.land/std@0.205.0/path/windows/to_file_url.ts": "8e9ea9e1ff364aa06fa72999204229952d0a279dbb876b7b838b2b2fea55cce3",
    "https://deno.land/std@0.205.0/path/windows/to_namespaced_path.ts": "e0f4d4a5e77f28a5708c1a33ff24360f35637ba6d8f103d19661255ef7bfd50d",
    "https://deno.land/std@0.208.0/assert/assert.ts": "9a97dad6d98c238938e7540736b826440ad8c1c1e54430ca4c4e623e585607ee",
    "https://deno.land/std@0.208.0/assert/assertion_error.ts": "4d0bde9b374dfbcbe8ac23f54f567b77024fb67dbb1906a852d67fe050d42f56",
    "https://deno.land/std@0.208.0/bytes/copy.ts": "939d89e302a9761dcf1d9c937c7711174ed74c59eef40a1e4569a05c9de88219",
    "https://deno.land/std@0.208.0/cli/mod.ts": "8fff07892674965455cbb885a3ea072af4207876179d12acc0d36da763280fe0",
    "https://deno.land/std@0.208.0/cli/parse_args.ts": "9bea02050b3f302e706871ff87ecfa3ad82cc34249adbe0dcddfaac75bdb48ff",
    "https://deno.land/std@0.208.0/collections/_utils.ts": "5114abc026ddef71207a79609b984614e66a63a4bda17d819d56b0e72c51527e",
    "https://deno.land/std@0.208.0/collections/deep_merge.ts": "9db788ba56cb05b65c77166b789e58e125dff159b7f41bf4d19dc1cba19ecb8b",
    "https://deno.land/std@0.208.0/crypto/_fnv/fnv32.ts": "e4649dfdefc5c987ed53c3c25db62db771a06d9d1b9c36d2b5cf0853b8e82153",
    "https://deno.land/std@0.208.0/crypto/_fnv/fnv64.ts": "bfa0e4702061fdb490a14e6bf5f9168a22fb022b307c5723499469bfefca555e",
    "https://deno.land/std@0.208.0/crypto/_fnv/mod.ts": "f956a95f58910f223e420340b7404702ecd429603acd4491fa77af84f746040c",
    "https://deno.land/std@0.208.0/crypto/_fnv/util.ts": "accba12bfd80a352e32a872f87df2a195e75561f1b1304a4cb4f5a4648d288f9",
    "https://deno.land/std@0.208.0/crypto/_wasm/lib/deno_std_wasm_crypto.generated.mjs": "c41c4676a3ea2a92e8fdff55434533474131e4dfac2262a6a6c81631069808d8",
    "https://deno.land/std@0.208.0/crypto/_wasm/mod.ts": "d7b7dc54bbd6b02c16cd08e8e3d30fa9aa9692efb112a7ab5d8595827b9a0234",
    "https://deno.land/std@0.208.0/crypto/crypto.ts": "91c67764abb640b3e2a0b46867704d02077c0b1f978f5c711e4408e5d856717d",
    "https://deno.land/std@0.208.0/crypto/mod.ts": "e49caf22e980db882b917c48ac119e44c46ab57399cb565c2cd3138f8c33835e",
    "https://deno.land/std@0.208.0/crypto/timing_safe_equal.ts": "f6edc08d702f660b1ab3505b74d53a9d499e34a1351f6ab70f5ce8653fee8fb7",
    "https://deno.land/std@0.208.0/crypto/to_hash_string.ts": "5a687ffee6b54c935a84394c8f2394c2e1bf62bbff0f855b8ab6f5669e47cc8a",
    "https://deno.land/std@0.208.0/crypto/unstable_keystack.ts": "c53d746f91a2c6844b92fe6d8670af92d4de19d12af677406700f8ad61466bde",
    "https://deno.land/std@0.208.0/encoding/_util.ts": "f368920189c4fe6592ab2e93bd7ded8f3065b84f95cd3e036a4a10a75649dcba",
    "https://deno.land/std@0.208.0/encoding/base64.ts": "81c0ecff5ccb402def58ca03d8bd245bd01da15a077d3362b568e991aa10f4d9",
    "https://deno.land/std@0.208.0/encoding/base64url.ts": "b15a4c8c988362536334a31dbb75a2429346f8c0f9e2662f961567c5dd2f58e1",
    "https://deno.land/std@0.208.0/encoding/hex.ts": "a384101d02cd87036c708f540825feb5b073c8527a00d635e48b2e69c992a5f9",
    "https://deno.land/std@0.208.0/fmt/bytes.ts": "f29cf69e0791d375f9f5d94ae1f0641e5a03b975f32ddf86d70f70fdf37e7b6a",
    "https://deno.land/std@0.208.0/fmt/colors.ts": "34b3f77432925eb72cf0bfb351616949746768620b8e5ead66da532f93d10ba2",
    "https://deno.land/std@0.208.0/front_matter/_formats.ts": "e0275015ef6372c91f956bee5617e936acb318dbd0a2a43f9c155a1a4dfdc4d2",
    "https://deno.land/std@0.208.0/front_matter/any.ts": "a804babe32cfee36d21ffcd023e33a74012632c385dbdaa0234ea0f22bac4207",
    "https://deno.land/std@0.208.0/front_matter/create_extractor.ts": "7ad9b549d7b85ddb4597e69969f5af08ff5b3b5c76ad76f6b9c76424a6afb1b2",
    "https://deno.land/std@0.208.0/front_matter/test.ts": "0085904df50401cd3582dc18bb4863494036619005a81f49b753ad73927ab9fa",
    "https://deno.land/std@0.208.0/fs/_util.ts": "fbf57dcdc9f7bc8128d60301eece608246971a7836a3bb1e78da75314f08b978",
    "https://deno.land/std@0.208.0/fs/copy.ts": "ca19e4837965914471df38fbd61e16f9e8adfe89f9cffb0c83615c83ea3fc2bf",
    "https://deno.land/std@0.208.0/fs/empty_dir.ts": "7fba29ef2d03f3503cd512616efc0535984cf1bbe7ca9d098e8b4d0d88910120",
    "https://deno.land/std@0.208.0/fs/ensure_dir.ts": "dc64c4c75c64721d4e3fb681f1382f803ff3d2868f08563ff923fdd20d071c40",
    "https://deno.land/std@0.208.0/fs/ensure_file.ts": "39ac83cc283a20ec2735e956adf5de3e8a3334e0b6820547b5772f71c49ae083",
    "https://deno.land/std@0.208.0/fs/ensure_link.ts": "c15e69c48556d78aae31b83e0c0ece04b7b8bc0951412f5b759aceb6fde7f0ac",
    "https://deno.land/std@0.208.0/fs/ensure_symlink.ts": "b389c8568f0656d145ac7ece472afe710815cccbb2ebfd19da7978379ae143fe",
    "https://deno.land/std@0.208.0/fs/eol.ts": "8565e1e076c5baced170236617150a7833668658e000205d896fc54084309ce1",
    "https://deno.land/std@0.208.0/fs/exists.ts": "cb59a853d84871d87acab0e7936a4dac11282957f8e195102c5a7acb42546bb8",
    "https://deno.land/std@0.208.0/fs/expand_glob.ts": "4f98c508fc9e40d6311d2f7fd88aaad05235cc506388c22dda315e095305811d",
    "https://deno.land/std@0.208.0/fs/mod.ts": "bc3d0acd488cc7b42627044caf47d72019846d459279544e1934418955ba4898",
    "https://deno.land/std@0.208.0/fs/move.ts": "b4f8f46730b40c32ea3c0bc8eb0fd0e8139249a698883c7b3756424cf19785c9",
    "https://deno.land/std@0.208.0/fs/walk.ts": "c1e6b43f72a46e89b630140308bd51a4795d416a416b4cfb7cd4bd1e25946723",
    "https://deno.land/std@0.208.0/http/etag.ts": "259abf65316c728660e34a100dcb07a1303c37ab6ca3d4ee068503c18b4358b0",
    "https://deno.land/std@0.208.0/http/file_server.ts": "8a2035a1130fab717a103375d85bf99b25ee27bede8d5a4b3ead2ece24de8b6e",
    "https://deno.land/std@0.208.0/http/status.ts": "dcbcc0f048ba8fad81228ac66e4a984c924a28c05701dddd20e0f005681d932f",
    "https://deno.land/std@0.208.0/io/buf_writer.ts": "599247add52c1f42c3674366d5783a25c69ceb7277b0694cc854d49f5710e77f",
    "https://deno.land/std@0.208.0/json/common.ts": "ecd5e87d45b5f0df33238ed8b1746e1444da7f5c86ae53d0f0b04280f41a25bb",
    "https://deno.land/std@0.208.0/jsonc/mod.ts": "b88dce28eb3645667caa856538ae2fe87af51410822544a0b45a4177ef3bd7dd",
    "https://deno.land/std@0.208.0/jsonc/parse.ts": "6048912a52d1ee3876a89f57ae6885f3b675bf2708700ef8d3d72acf6ef3342e",
    "https://deno.land/std@0.208.0/log/handlers.ts": "3a0883f65567f59a9a88e44c972b24b924621bc28ead91af11d7a6da93c4a64c",
    "https://deno.land/std@0.208.0/log/levels.ts": "6309147664e9e008cd6671610f2505c4c95f181f6bae4816a84b33e0aec66859",
    "https://deno.land/std@0.208.0/log/logger.ts": "180c50a07c43a556dc5794e913c82946399e89d683201d01c8f0091e1e4ae3fc",
    "https://deno.land/std@0.208.0/log/mod.ts": "a274d2129c8d08d4c96e0fb165a595e6c730b5130b437a9ce04364156bfe955a",
    "https://deno.land/std@0.208.0/media_types/_db.ts": "7606d83e31f23ce1a7968cbaee852810c2cf477903a095696cdc62eaab7ce570",
    "https://deno.land/std@0.208.0/media_types/_util.ts": "0879b04cc810ff18d3dcd97d361e03c9dfb29f67d7fc4a9c6c9d387282ef5fe8",
    "https://deno.land/std@0.208.0/media_types/content_type.ts": "a7a3cb6a2b6e81101637afcaa9884d655b4568ded84fa7e6169bb690a87ee2aa",
    "https://deno.land/std@0.208.0/media_types/format_media_type.ts": "f5e1073c05526a6f5a516ac5c5587a1abd043bf1039c71cde1166aa4328c8baf",
    "https://deno.land/std@0.208.0/media_types/get_charset.ts": "18b88274796fda5d353806bf409eb1d2ddb3f004eb4bd311662c4cdd8ac173db",
    "https://deno.land/std@0.208.0/media_types/parse_media_type.ts": "31ccf2388ffab31b49500bb89fa0f5de189c8897e2ee6c9954f207637d488211",
    "https://deno.land/std@0.208.0/media_types/vendor/mime-db.v1.52.0.ts": "6925bbcae81ca37241e3f55908d0505724358cda3384eaea707773b2c7e99586",
    "https://deno.land/std@0.208.0/path/_common/assert_path.ts": "061e4d093d4ba5aebceb2c4da3318bfe3289e868570e9d3a8e327d91c2958946",
    "https://deno.land/std@0.208.0/path/_common/basename.ts": "0d978ff818f339cd3b1d09dc914881f4d15617432ae519c1b8fdc09ff8d3789a",
    "https://deno.land/std@0.208.0/path/_common/common.ts": "9e4233b2eeb50f8b2ae10ecc2108f58583aea6fd3e8907827020282dc2b76143",
    "https://deno.land/std@0.208.0/path/_common/constants.ts": "e49961f6f4f48039c0dfed3c3f93e963ca3d92791c9d478ac5b43183413136e0",
    "https://deno.land/std@0.208.0/path/_common/dirname.ts": "2ba7fb4cc9fafb0f38028f434179579ce61d4d9e51296fad22b701c3d3cd7397",
    "https://deno.land/std@0.208.0/path/_common/format.ts": "11aa62e316dfbf22c126917f5e03ea5fe2ee707386555a8f513d27ad5756cf96",
    "https://deno.land/std@0.208.0/path/_common/from_file_url.ts": "ef1bf3197d2efbf0297a2bdbf3a61d804b18f2bcce45548ae112313ec5be3c22",
    "https://deno.land/std@0.208.0/path/_common/glob_to_reg_exp.ts": "5c3c2b79fc2294ec803d102bd9855c451c150021f452046312819fbb6d4dc156",
    "https://deno.land/std@0.208.0/path/_common/normalize.ts": "2ba7fb4cc9fafb0f38028f434179579ce61d4d9e51296fad22b701c3d3cd7397",
    "https://deno.land/std@0.208.0/path/_common/normalize_string.ts": "88c472f28ae49525f9fe82de8c8816d93442d46a30d6bb5063b07ff8a89ff589",
    "https://deno.land/std@0.208.0/path/_common/relative.ts": "1af19d787a2a84b8c534cc487424fe101f614982ae4851382c978ab2216186b4",
    "https://deno.land/std@0.208.0/path/_common/strip_trailing_separators.ts": "7ffc7c287e97bdeeee31b155828686967f222cd73f9e5780bfe7dfb1b58c6c65",
    "https://deno.land/std@0.208.0/path/_common/to_file_url.ts": "a8cdd1633bc9175b7eebd3613266d7c0b6ae0fb0cff24120b6092ac31662f9ae",
    "https://deno.land/std@0.208.0/path/_interface.ts": "6471159dfbbc357e03882c2266d21ef9afdb1e4aa771b0545e90db58a0ba314b",
    "https://deno.land/std@0.208.0/path/_os.ts": "30b0c2875f360c9296dbe6b7f2d528f0f9c741cecad2e97f803f5219e91b40a2",
    "https://deno.land/std@0.208.0/path/basename.ts": "04bb5ef3e86bba8a35603b8f3b69537112cdd19ce64b77f2522006da2977a5f3",
    "https://deno.land/std@0.208.0/path/common.ts": "f4d061c7d0b95a65c2a1a52439edec393e906b40f1caf4604c389fae7caa80f5",
    "https://deno.land/std@0.208.0/path/dirname.ts": "88a0a71c21debafc4da7a4cd44fd32e899462df458fbca152390887d41c40361",
    "https://deno.land/std@0.208.0/path/extname.ts": "2da4e2490f3b48b7121d19fb4c91681a5e11bd6bd99df4f6f47d7a71bb6ecdf2",
    "https://deno.land/std@0.208.0/path/format.ts": "3457530cc85d1b4bab175f9ae73998b34fd456c830d01883169af0681b8894fb",
    "https://deno.land/std@0.208.0/path/from_file_url.ts": "e7fa233ea1dff9641e8d566153a24d95010110185a6f418dd2e32320926043f8",
    "https://deno.land/std@0.208.0/path/glob.ts": "a00a81a55c02bbe074ab21a50b6495c6f7795f54cd718c824adaa92c6c9b7419",
    "https://deno.land/std@0.208.0/path/glob_to_regexp.ts": "74d7448c471e293d03f05ccb968df4365fed6aaa508506b6325a8efdc01d8271",
    "https://deno.land/std@0.208.0/path/is_absolute.ts": "67232b41b860571c5b7537f4954c88d86ae2ba45e883ee37d3dec27b74909d13",
    "https://deno.land/std@0.208.0/path/is_glob.ts": "567dce5c6656bdedfc6b3ee6c0833e1e4db2b8dff6e62148e94a917f289c06ad",
    "https://deno.land/std@0.208.0/path/join.ts": "98d3d76c819af4a11a81d5ba2dbb319f1ce9d63fc2b615597d4bcfddd4a89a09",
    "https://deno.land/std@0.208.0/path/join_globs.ts": "9b84d5103b63d3dbed4b2cf8b12477b2ad415c7d343f1488505162dc0e5f4db8",
    "https://deno.land/std@0.208.0/path/mod.ts": "3defabebc98279e62b392fee7a6937adc932a8f4dcd2471441e36c15b97b00e0",
    "https://deno.land/std@0.208.0/path/normalize.ts": "aa95be9a92c7bd4f9dc0ba51e942a1973e2b93d266cd74f5ca751c136d520b66",
    "https://deno.land/std@0.208.0/path/normalize_glob.ts": "674baa82e1c00b6cb153bbca36e06f8e0337cb8062db6d905ab5de16076ca46b",
    "https://deno.land/std@0.208.0/path/parse.ts": "d87ff0deef3fb495bc0d862278ff96da5a06acf0625ca27769fc52ac0d3d6ece",
    "https://deno.land/std@0.208.0/path/posix/_util.ts": "ecf49560fedd7dd376c6156cc5565cad97c1abe9824f4417adebc7acc36c93e5",
    "https://deno.land/std@0.208.0/path/posix/basename.ts": "a630aeb8fd8e27356b1823b9dedd505e30085015407caa3396332752f6b8406a",
    "https://deno.land/std@0.208.0/path/posix/common.ts": "e781d395dc76f6282e3f7dd8de13194abb8b04a82d109593141abc6e95755c8b",
    "https://deno.land/std@0.208.0/path/posix/dirname.ts": "f48c9c42cc670803b505478b7ef162c7cfa9d8e751b59d278b2ec59470531472",
    "https://deno.land/std@0.208.0/path/posix/extname.ts": "ee7f6571a9c0a37f9218fbf510c440d1685a7c13082c348d701396cc795e0be0",
    "https://deno.land/std@0.208.0/path/posix/format.ts": "b94876f77e61bfe1f147d5ccb46a920636cd3cef8be43df330f0052b03875968",
    "https://deno.land/std@0.208.0/path/posix/from_file_url.ts": "b97287a83e6407ac27bdf3ab621db3fccbf1c27df0a1b1f20e1e1b5acf38a379",
    "https://deno.land/std@0.208.0/path/posix/glob_to_regexp.ts": "6ed00c71fbfe0ccc35977c35444f94e82200b721905a60bd1278b1b768d68b1a",
    "https://deno.land/std@0.208.0/path/posix/is_absolute.ts": "159900a3422d11069d48395568217eb7fc105ceda2683d03d9b7c0f0769e01b8",
    "https://deno.land/std@0.208.0/path/posix/is_glob.ts": "ec4fbc604b9db8487f7b56ab0e759b24a971ab6a45f7b0b698bc39b8b9f9680f",
    "https://deno.land/std@0.208.0/path/posix/join.ts": "0c0d84bdc344876930126640011ec1b888e6facf74153ffad9ef26813aa2a076",
    "https://deno.land/std@0.208.0/path/posix/join_globs.ts": "f4838d54b1f60a34a40625a3293f6e583135348be1b2974341ac04743cb26121",
    "https://deno.land/std@0.208.0/path/posix/mod.ts": "f1b08a7f64294b7de87fc37190d63b6ce5b02889af9290c9703afe01951360ae",
    "https://deno.land/std@0.208.0/path/posix/normalize.ts": "11de90a94ab7148cc46e5a288f7d732aade1d616bc8c862f5560fa18ff987b4b",
    "https://deno.land/std@0.208.0/path/posix/normalize_glob.ts": "10a1840c628ebbab679254d5fa1c20e59106102354fb648a1765aed72eb9f3f9",
    "https://deno.land/std@0.208.0/path/posix/parse.ts": "199208f373dd93a792e9c585352bfc73a6293411bed6da6d3bc4f4ef90b04c8e",
    "https://deno.land/std@0.208.0/path/posix/relative.ts": "e2f230608b0f083e6deaa06e063943e5accb3320c28aef8d87528fbb7fe6504c",
    "https://deno.land/std@0.208.0/path/posix/resolve.ts": "51579d83159d5c719518c9ae50812a63959bbcb7561d79acbdb2c3682236e285",
    "https://deno.land/std@0.208.0/path/posix/separator.ts": "0b6573b5f3269a3164d8edc9cefc33a02dd51003731c561008c8bb60220ebac1",
    "https://deno.land/std@0.208.0/path/posix/to_file_url.ts": "08d43ea839ee75e9b8b1538376cfe95911070a655cd312bc9a00f88ef14967b6",
    "https://deno.land/std@0.208.0/path/posix/to_namespaced_path.ts": "c9228a0e74fd37e76622cd7b142b8416663a9b87db643302fa0926b5a5c83bdc",
    "https://deno.land/std@0.208.0/path/relative.ts": "23d45ede8b7ac464a8299663a43488aad6b561414e7cbbe4790775590db6349c",
    "https://deno.land/std@0.208.0/path/resolve.ts": "5b184efc87155a0af9fa305ff68a109e28de9aee81fc3e77cd01380f19daf867",
    "https://deno.land/std@0.208.0/path/separator.ts": "40a3e9a4ad10bef23bc2cd6c610291b6c502a06237c2c4cd034a15ca78dedc1f",
    "https://deno.land/std@0.208.0/path/to_file_url.ts": "edaafa089e0bce386e1b2d47afe7c72e379ff93b28a5829a5885e4b6c626d864",
    "https://deno.land/std@0.208.0/path/to_namespaced_path.ts": "cf8734848aac3c7527d1689d2adf82132b1618eff3cc523a775068847416b22a",
    "https://deno.land/std@0.208.0/path/windows/_util.ts": "f32b9444554c8863b9b4814025c700492a2b57ff2369d015360970a1b1099d54",
    "https://deno.land/std@0.208.0/path/windows/basename.ts": "8a9dbf7353d50afbc5b221af36c02a72c2d1b2b5b9f7c65bf6a5a2a0baf88ad3",
    "https://deno.land/std@0.208.0/path/windows/common.ts": "e781d395dc76f6282e3f7dd8de13194abb8b04a82d109593141abc6e95755c8b",
    "https://deno.land/std@0.208.0/path/windows/dirname.ts": "5c2aa541384bf0bd9aca821275d2a8690e8238fa846198ef5c7515ce31a01a94",
    "https://deno.land/std@0.208.0/path/windows/extname.ts": "07f4fa1b40d06a827446b3e3bcc8d619c5546b079b8ed0c77040bbef716c7614",
    "https://deno.land/std@0.208.0/path/windows/format.ts": "343019130d78f172a5c49fdc7e64686a7faf41553268961e7b6c92a6d6548edf",
    "https://deno.land/std@0.208.0/path/windows/from_file_url.ts": "d53335c12b0725893d768be3ac6bf0112cc5b639d2deb0171b35988493b46199",
    "https://deno.land/std@0.208.0/path/windows/glob_to_regexp.ts": "290755e18ec6c1a4f4d711c3390537358e8e3179581e66261a0cf348b1a13395",
    "https://deno.land/std@0.208.0/path/windows/is_absolute.ts": "245b56b5f355ede8664bd7f080c910a97e2169972d23075554ae14d73722c53c",
    "https://deno.land/std@0.208.0/path/windows/is_glob.ts": "ec4fbc604b9db8487f7b56ab0e759b24a971ab6a45f7b0b698bc39b8b9f9680f",
    "https://deno.land/std@0.208.0/path/windows/join.ts": "e6600bf88edeeef4e2276e155b8de1d5dec0435fd526ba2dc4d37986b2882f16",
    "https://deno.land/std@0.208.0/path/windows/join_globs.ts": "f4838d54b1f60a34a40625a3293f6e583135348be1b2974341ac04743cb26121",
    "https://deno.land/std@0.208.0/path/windows/mod.ts": "d7040f461465c2c21c1c68fc988ef0bdddd499912138cde3abf6ad60c7fb3814",
    "https://deno.land/std@0.208.0/path/windows/normalize.ts": "9deebbf40c81ef540b7b945d4ccd7a6a2c5a5992f791e6d3377043031e164e69",
    "https://deno.land/std@0.208.0/path/windows/normalize_glob.ts": "344ff5ed45430495b9a3d695567291e50e00b1b3b04ea56712a2acf07ab5c128",
    "https://deno.land/std@0.208.0/path/windows/parse.ts": "120faf778fe1f22056f33ded069b68e12447668fcfa19540c0129561428d3ae5",
    "https://deno.land/std@0.208.0/path/windows/relative.ts": "026855cd2c36c8f28f1df3c6fbd8f2449a2aa21f48797a74700c5d872b86d649",
    "https://deno.land/std@0.208.0/path/windows/resolve.ts": "5ff441ab18a2346abadf778121128ee71bda4d0898513d4639a6ca04edca366b",
    "https://deno.land/std@0.208.0/path/windows/separator.ts": "ae21f27015f10510ed1ac4a0ba9c4c9c967cbdd9d9e776a3e4967553c397bd5d",
    "https://deno.land/std@0.208.0/path/windows/to_file_url.ts": "8e9ea9e1ff364aa06fa72999204229952d0a279dbb876b7b838b2b2fea55cce3",
    "https://deno.land/std@0.208.0/path/windows/to_namespaced_path.ts": "e0f4d4a5e77f28a5708c1a33ff24360f35637ba6d8f103d19661255ef7bfd50d",
    "https://deno.land/std@0.208.0/streams/byte_slice_stream.ts": "c46d7c74836fc8c1a9acd9fe211cbe1bbaaee1b36087c834fb03af4991135c3a",
    "https://deno.land/std@0.208.0/toml/_parser.ts": "63d68503fc4e22dcc6b677126765e67fe570e62c86199874efd8b6c976dc2679",
    "https://deno.land/std@0.208.0/toml/mod.ts": "b7127578e29155a91a45991e098a5478e6c61d0a4fbd2a99fd08b9043cab2ba1",
    "https://deno.land/std@0.208.0/toml/parse.ts": "e900bafdf35d802519842a303e07a62ea5282186960b3474e8083509ab1c7f0d",
    "https://deno.land/std@0.208.0/toml/stringify.ts": "be8c9182353f80234cf296ca26d4e605b4672e35a2aa0648cc942b5605d4bc1d",
    "https://deno.land/std@0.208.0/version.ts": "a3207ea06bba42f09c7c7ab46590b202c98366f26d2ae31622a4839257dbc790",
    "https://deno.land/std@0.208.0/yaml/_dumper/dumper.ts": "717403d0e700de783f2ef5c906b3d7245383e1509fc050e7ff5d4a53a03dbf40",
    "https://deno.land/std@0.208.0/yaml/_dumper/dumper_state.ts": "f0d0673ceea288334061ca34b63954c2bb5feb5bf6de5e4cfe9a942cdf6e5efe",
    "https://deno.land/std@0.208.0/yaml/_error.ts": "b59e2c76ce5a47b1b9fa0ff9f96c1dd92ea1e1b17ce4347ece5944a95c3c1a84",
    "https://deno.land/std@0.208.0/yaml/_loader/loader.ts": "63ec7f0a265dbbabc54b25a4beefff7650e205160a2d75c7d8f8363b5f84851a",
    "https://deno.land/std@0.208.0/yaml/_loader/loader_state.ts": "0841870b467169269d7c2dfa75cd288c319bc06f65edd9e42c29e5fced91c7a4",
    "https://deno.land/std@0.208.0/yaml/_mark.ts": "dcd8585dee585e024475e9f3fe27d29740670fb64ebb970388094cad0fc11d5d",
    "https://deno.land/std@0.208.0/yaml/_state.ts": "ef03d55ec235d48dcfbecc0ab3ade90bfae69a61094846e08003421c2cf5cfc6",
    "https://deno.land/std@0.208.0/yaml/_type/binary.ts": "24d49614463a7339a8a16d894919c2ec18a10588ae360ec352093b60e2cc8b0d",
    "https://deno.land/std@0.208.0/yaml/_type/bool.ts": "5bfa75da84343d45347b521ba4e5aeace9fe6f53447405290d53315a3fc20e66",
    "https://deno.land/std@0.208.0/yaml/_type/float.ts": "056bd3cb9c5586238b20517511014fb24b0e36f98f9f6073e12da308b6b9808a",
    "https://deno.land/std@0.208.0/yaml/_type/function.ts": "ff574fe84a750695302864e1c31b93f12d14ada4bde79a5f93197fc33ad17471",
    "https://deno.land/std@0.208.0/yaml/_type/int.ts": "563ad074f0fa7aecf6b6c3d84135bcc95a8269dcc15de878de20ce868fd773fa",
    "https://deno.land/std@0.208.0/yaml/_type/map.ts": "7b105e4ab03a361c61e7e335a0baf4d40f06460b13920e5af3fb2783a1464000",
    "https://deno.land/std@0.208.0/yaml/_type/merge.ts": "8192bf3e4d637f32567917f48bb276043da9cf729cf594e5ec191f7cd229337e",
    "https://deno.land/std@0.208.0/yaml/_type/mod.ts": "060e2b3d38725094b77ea3a3f05fc7e671fced8e67ca18e525be98c4aa8f4bbb",
    "https://deno.land/std@0.208.0/yaml/_type/nil.ts": "606e8f0c44d73117c81abec822f89ef81e40f712258c74f186baa1af659b8887",
    "https://deno.land/std@0.208.0/yaml/_type/omap.ts": "cfe59a294726f5cea705c39a61fd2b08199cf48f4ccd6b040cb550ec0f38d0a1",
    "https://deno.land/std@0.208.0/yaml/_type/pairs.ts": "0032fdfe57558d21696a4f8cf5b5cfd1f698743177080affc18629685c905666",
    "https://deno.land/std@0.208.0/yaml/_type/regexp.ts": "1ce118de15b2da43b4bd8e4395f42d448b731acf3bdaf7c888f40789f9a95f8b",
    "https://deno.land/std@0.208.0/yaml/_type/seq.ts": "95333abeec8a7e4d967b8c8328b269e342a4bbdd2585395549b9c4f58c8533a2",
    "https://deno.land/std@0.208.0/yaml/_type/set.ts": "f28ba44e632ef2a6eb580486fd47a460445eeddbdf1dbc739c3e62486f566092",
    "https://deno.land/std@0.208.0/yaml/_type/str.ts": "a67a3c6e429d95041399e964015511779b1130ea5889fa257c48457bd3446e31",
    "https://deno.land/std@0.208.0/yaml/_type/timestamp.ts": "706ea80a76a73e48efaeb400ace087da1f927647b53ad6f754f4e06d51af087f",
    "https://deno.land/std@0.208.0/yaml/_type/undefined.ts": "94a316ca450597ccbc6750cbd79097ad0d5f3a019797eed3c841a040c29540ba",
    "https://deno.land/std@0.208.0/yaml/_utils.ts": "26b311f0d42a7ce025060bd6320a68b50e52fd24a839581eb31734cd48e20393",
    "https://deno.land/std@0.208.0/yaml/mod.ts": "28ecda6652f3e7a7735ee29c247bfbd32a2e2fc5724068e9fd173ec4e59f66f7",
    "https://deno.land/std@0.208.0/yaml/parse.ts": "1fbbda572bf3fff578b6482c0d8b85097a38de3176bf3ab2ca70c25fb0c960ef",
    "https://deno.land/std@0.208.0/yaml/schema.ts": "96908b78dc50c340074b93fc1598d5e7e2fe59103f89ff81e5a49b2dedf77a67",
    "https://deno.land/std@0.208.0/yaml/schema/core.ts": "fa406f18ceedc87a50e28bb90ec7a4c09eebb337f94ef17468349794fa828639",
    "https://deno.land/std@0.208.0/yaml/schema/default.ts": "0047e80ae8a4a93293bc4c557ae8a546aabd46bb7165b9d9b940d57b4d88bde9",
    "https://deno.land/std@0.208.0/yaml/schema/extended.ts": "0784416bf062d20a1626b53c03380e265b3e39b9409afb9f4cb7d659fd71e60d",
    "https://deno.land/std@0.208.0/yaml/schema/failsafe.ts": "d219ab5febc43f770917d8ec37735a4b1ad671149846cbdcade767832b42b92b",
    "https://deno.land/std@0.208.0/yaml/schema/json.ts": "5f41dd7c2f1ad545ef6238633ce9ee3d444dfc5a18101e1768bd5504bf90e5e5",
    "https://deno.land/std@0.208.0/yaml/schema/mod.ts": "4472e827bab5025e92bc2eb2eeefa70ecbefc64b2799b765c69af84822efef32",
    "https://deno.land/std@0.208.0/yaml/stringify.ts": "fffc09c65c68d3d63f8159e8cbaa3f489bc20a8e55b4fbb61a8c2e9f914d1d02",
    "https://deno.land/std@0.208.0/yaml/type.ts": "65553da3da3c029b6589c6e4903f0afbea6768be8fca61580711457151f2b30f",
    "https://deno.land/x/deno_dom@v0.1.43/build/deno-wasm/deno-wasm.js": "d6841a06342eb6a2798ef28de79ad69c0f2fa349fa04d3ca45e5fcfbf50a9340",
    "https://deno.land/x/deno_dom@v0.1.43/deno-dom-wasm.ts": "a33d160421bbb6e3104285ea5ebf33352b7ad50d82ea8765e3cf65f972b25119",
    "https://deno.land/x/deno_dom@v0.1.43/src/api.ts": "0ff5790f0a3eeecb4e00b7d8fbfa319b165962cf6d0182a65ba90f158d74f7d7",
    "https://deno.land/x/deno_dom@v0.1.43/src/constructor-lock.ts": "59714df7e0571ec7bd338903b1f396202771a6d4d7f55a452936bd0de9deb186",
    "https://deno.land/x/deno_dom@v0.1.43/src/deserialize.ts": "1cf4096678d8afed8ed28dbad690504c4d2c28149ba768b26eacd1416873425b",
    "https://deno.land/x/deno_dom@v0.1.43/src/dom/document-fragment.ts": "1c7352a3c816587ed7fad574b42636198f680f17abc3836fcfe7799b31e7718f",
    "https://deno.land/x/deno_dom@v0.1.43/src/dom/document.ts": "b8f4e4ccabaaa063d6562a0f2f8dea9c0419515d63d8bd79bfde95f7cd64bd93",
    "https://deno.land/x/deno_dom@v0.1.43/src/dom/dom-parser.ts": "609097b426f8c2358f3e5d2bca55ed026cf26cdf86562e94130dfdb0f2537f92",
    "https://deno.land/x/deno_dom@v0.1.43/src/dom/element.ts": "d5371cd83ff2128353c1975465c368ef83d7441568626b386557deba51315111",
    "https://deno.land/x/deno_dom@v0.1.43/src/dom/elements/html-template-element.ts": "740b97a5378c9a14cccf3429299846eda240b613013e2d2d7f20b393897453c2",
    "https://deno.land/x/deno_dom@v0.1.43/src/dom/html-collection.ts": "ae90197f5270c32074926ad6cf30ee07d274d44596c7e413c354880cebce8565",
    "https://deno.land/x/deno_dom@v0.1.43/src/dom/node-list.ts": "4c6e4b4585301d4147addaccd90cb5f5a80e8d6290a1ba7058c5e3dfea16e15d",
    "https://deno.land/x/deno_dom@v0.1.43/src/dom/node.ts": "3069e6fc93ac4111a136ed68199d76673339842b9751610ba06f111ba7dc10a7",
    "https://deno.land/x/deno_dom@v0.1.43/src/dom/selectors/custom-api.ts": "852696bd58e534bc41bd3be9e2250b60b67cd95fd28ed16b1deff1d548531a71",
    "https://deno.land/x/deno_dom@v0.1.43/src/dom/selectors/nwsapi-types.ts": "c43b36c36acc5d32caabaa54fda8c9d239b2b0fcbce9a28efb93c84aa1021698",
    "https://deno.land/x/deno_dom@v0.1.43/src/dom/selectors/nwsapi.js": "985d7d8fc1eabbb88946b47a1c44c1b2d4aa79ff23c21424219f1528fa27a2ff",
    "https://deno.land/x/deno_dom@v0.1.43/src/dom/selectors/selectors.ts": "83eab57be2290fb48e3130533448c93c6c61239f2a2f3b85f1917f80ca0fdc75",
    "https://deno.land/x/deno_dom@v0.1.43/src/dom/selectors/sizzle-types.ts": "78149e2502409989ce861ed636b813b059e16bc267bb543e7c2b26ef43e4798b",
    "https://deno.land/x/deno_dom@v0.1.43/src/dom/selectors/sizzle.js": "c3aed60c1045a106d8e546ac2f85cc82e65f62d9af2f8f515210b9212286682a",
    "https://deno.land/x/deno_dom@v0.1.43/src/dom/utils-types.ts": "96db30e3e4a75b194201bb9fa30988215da7f91b380fca6a5143e51ece2a8436",
    "https://deno.land/x/deno_dom@v0.1.43/src/dom/utils.ts": "4c6206516fb8f61f37a209c829e812c4f5a183e46d082934dd14c91bde939263",
    "https://deno.land/x/deno_dom@v0.1.43/src/parser.ts": "e06b2300d693e6ae7564e53dfa5c9a9e97fdb8c044c39c52c8b93b5d60860be3",
    "https://deno.land/x/lume@v2.0.1/cli/create.ts": "d045fa2aba880adb4653f8d5ffc70eb89b21df57cb5dd6ec78208f31b99690cb",
    "https://deno.land/x/lume@v2.0.1/cli/run.ts": "7f602b21244dbc698159e925a547b30edbbb89579d7fd27e94e2cbaf1acea7bf",
    "https://deno.land/x/lume@v2.0.1/core/component_loader.ts": "da80bf80a168d0b91b59eb3449fbf62627d8bf67879df34e71970616d47ce2ec",
    "https://deno.land/x/lume@v2.0.1/core/data_loader.ts": "8698a9e9b1aac27147dc835ba89a0e30828c81338eceae86630607d78f146215",
    "https://deno.land/x/lume@v2.0.1/core/events.ts": "f02a60b815325093b650bcf4104d023a079b990dfa29b103f2cf2062b3ffc1ce",
    "https://deno.land/x/lume@v2.0.1/core/file.ts": "69023c304d34d20a7676f48a4356af8467b6ffc1b29acc67e77ed6d49caa2a58",
    "https://deno.land/x/lume@v2.0.1/core/formats.ts": "056db3c3f9f410f236e6cab3a775f3fe4e8f0efe25bc8aafc6b4420caa524c2b",
    "https://deno.land/x/lume@v2.0.1/core/fs.ts": "54d1a052fe5432fe5b8eeafcdc8c4852fa2a483dc60bef4ffc953b1f3ba626dd",
    "https://deno.land/x/lume@v2.0.1/core/loaders/binary.ts": "bb1e1cf3faac49f6007dc6814168dc0f633da17356db18e68862e4b2a87a3f33",
    "https://deno.land/x/lume@v2.0.1/core/loaders/json.ts": "632e840340edf7d79091fb37474a1cbf86dd2d218090fb6f6c0420f5f5e9c2ce",
    "https://deno.land/x/lume@v2.0.1/core/loaders/module.ts": "0d9e04e321227023262327ff448797c4c1e35f9bf9646f8bc8bdd95ec1f9e9d0",
    "https://deno.land/x/lume@v2.0.1/core/loaders/text.ts": "42860fc3482651fa6cfba18a734bb548d6e6e1163bf1015c2abc447ab150acbd",
    "https://deno.land/x/lume@v2.0.1/core/loaders/toml.ts": "72ddfef2deea62815c28e27faa2c5356e09b3109e9547e47a6defea3d3332452",
    "https://deno.land/x/lume@v2.0.1/core/loaders/yaml.ts": "241dc41fbe51b92e38dc748eda614c35d80fb8c63a6d40253453c6bb78c9c47e",
    "https://deno.land/x/lume@v2.0.1/core/processors.ts": "4ab73bc915d9d9db596af7187514af7ccda3349c7da158dbf6a5fb8bb7ea35e2",
    "https://deno.land/x/lume@v2.0.1/core/renderer.ts": "da94bb55a0d50be42bbea962d014fd33700e38a10476b33a4bb868f738e79b61",
    "https://deno.land/x/lume@v2.0.1/core/scopes.ts": "dbdf93d7a9cead84833779e974f190b1379356ec7c0ccd34aa92f917c2cdd2f9",
    "https://deno.land/x/lume@v2.0.1/core/scripts.ts": "286969b120d2290ba57a7fdd9b37e587aacf4e4162d92f51f1f1e9e18c864f30",
    "https://deno.land/x/lume@v2.0.1/core/searcher.ts": "cf580b0d9d81de0287c7345a8d50c0af4945e0800e623c6e8be0620486edf5c2",
    "https://deno.land/x/lume@v2.0.1/core/server.ts": "f0446cbe56b6d8e04517cb0b994f1f3b8d4f5a5cd2bdbafa2a7aa671520cc012",
    "https://deno.land/x/lume@v2.0.1/core/site.ts": "9d1c0e235d5287d8af39c2e66c0050de61a6332bf018d02b5ad1ce991c59d01c",
    "https://deno.land/x/lume@v2.0.1/core/source.ts": "5552c89cadebaff338aaae0e71cc80c4dfd4801eed65edfa1134d5c2fa7658b5",
    "https://deno.land/x/lume@v2.0.1/core/utils/concurrent.ts": "cb0775b3d95f3faa356aa3a3e489dccef8807ed93cc4f84fcf5bc81e87c29504",
    "https://deno.land/x/lume@v2.0.1/core/utils/date.ts": "9fde280ed704e4f66f590b43d5318a15b04900a93fc030dd8c27227ef8c4795f",
    "https://deno.land/x/lume@v2.0.1/core/utils/digest.ts": "445b387983391af73269686292a65bb677119a25a327776885ff1242a9397ad8",
    "https://deno.land/x/lume@v2.0.1/core/utils/dom.ts": "d406fb5c48ceb012286d0aff66ef635261eda666de2ce07538c0cf9366b8fecd",
    "https://deno.land/x/lume@v2.0.1/core/utils/env.ts": "ed12a51148a6cfdc27f14de6ae014825b689ee601067d165dd7613661c479da1",
    "https://deno.land/x/lume@v2.0.1/core/utils/generator.ts": "1e664e9fd4c469e38a0acf5c94fd49dac4f38cb6334563ea4b7fc498b5958877",
    "https://deno.land/x/lume@v2.0.1/core/utils/log.ts": "78894770d968e9a50a0c767fcc8cfa409825c9514c1bc9f6be17b88a54066844",
    "https://deno.land/x/lume@v2.0.1/core/utils/lume_config.ts": "256cd1a6636f542f27407599471453c369b241b81cf118ecb20cb853d4d1e571",
    "https://deno.land/x/lume@v2.0.1/core/utils/merge_data.ts": "f4771c4f027b17487bf9a33bc2b04701a97f0578fd4a7feb31809cc119e5ee63",
    "https://deno.land/x/lume@v2.0.1/core/utils/object.ts": "e00ee6e91264064772c87e69e128a09ba0e30c2c41be4a5302881f59f456fc31",
    "https://deno.land/x/lume@v2.0.1/core/utils/page_date.ts": "096b21d1832c74bc338c8d8d8762f1f5106259b73e6b2caa72fb50986d4f1f5b",
    "https://deno.land/x/lume@v2.0.1/core/utils/page_url.ts": "fbfcb121c3c0b8b84760ff678c85b9fa7bb66b3ed6db4fa294cab44699e6eb3f",
    "https://deno.land/x/lume@v2.0.1/core/utils/path.ts": "f3286c4e38149e0fccdb59fab17dbcd8b82fb8f4928fd2fce6306e0d11d0f69b",
    "https://deno.land/x/lume@v2.0.1/core/utils/read.ts": "5655deaf6bea0b106f0c00dbbbc263076d138342d9500b5fabd8cb2470273661",
    "https://deno.land/x/lume@v2.0.1/core/writer.ts": "6438885b10c87123dab035615be660a012a52b3b4d960d02945c61acc530815f",
    "https://deno.land/x/lume@v2.0.1/deps/cli.ts": "5052ef3d362aba1c75364ca19666ace6e4b3b8c579cd01cabe3ff87c3a18fe08",
    "https://deno.land/x/lume@v2.0.1/deps/colors.ts": "d11e05704e4cba01c1a4981ac22abc82b1e7511e9d5acee04450f4fef8fcf56a",
    "https://deno.land/x/lume@v2.0.1/deps/crypto.ts": "d87da1ede845c120cbec683094645dc50c67eeaf9e4b052350c2d36734bf94a4",
    "https://deno.land/x/lume@v2.0.1/deps/dom.ts": "7eef681d9eabb49c2fb230faa75e33371ab7bbe30a03f4f4c7d6d723742f775a",
    "https://deno.land/x/lume@v2.0.1/deps/front_matter.ts": "557ccb3c28cdba416e4f7df3e6cc17eb5845eba3d1e29a00d94d5e38c1726c49",
    "https://deno.land/x/lume@v2.0.1/deps/fs.ts": "a8b9d4ecd35327c31fc215801d702059e20a852bab73f7fa65fd5d0a27ff9143",
    "https://deno.land/x/lume@v2.0.1/deps/hex.ts": "7e7f133a70ecce525948f4aacdc8f9142037fd2eb15e90d338007f105538c321",
    "https://deno.land/x/lume@v2.0.1/deps/http.ts": "d85a4a332902843d24922d4485b7ad12b8659c3120609ce464068b51afcab416",
    "https://deno.land/x/lume@v2.0.1/deps/jsonc.ts": "07f32cc9e06e51139991291d0a7780ebf9bae10e239518264a3977c893be4bf7",
    "https://deno.land/x/lume@v2.0.1/deps/log.ts": "4b53e25e0ab35f8ac144c25b787a358a080f0a1d6ac327362d84204f8604a7e0",
    "https://deno.land/x/lume@v2.0.1/deps/markdown_it.ts": "626e2f6fbc080e46d98e9ac3e53fcb9be355f2907ba309b57e8d20540fdeca41",
    "https://deno.land/x/lume@v2.0.1/deps/path.ts": "a9811933c988951154424763c17e1c470ff2f7b3eb9aa8e58ce615939806f25f",
    "https://deno.land/x/lume@v2.0.1/deps/temporal.ts": "1958b134c4186b0ab39316fa33ba19d1a4203e2ea445080429d60d296b91a552",
    "https://deno.land/x/lume@v2.0.1/deps/toml.ts": "ffae452ae0d847d98efac4a45867819330d4ecf6391ea9228654bbc2bacb4e12",
    "https://deno.land/x/lume@v2.0.1/deps/vento.ts": "3b8cfc5199064def632e20afe210cd523097038a0adaf5424f53dc8dc64f927b",
    "https://deno.land/x/lume@v2.0.1/deps/yaml.ts": "9eb7cdd4e98ae93f6d1a14ca5a634e42c105e7446c17c686dff0aa405d0205a3",
    "https://deno.land/x/lume@v2.0.1/mod.ts": "a07ffb98ba25639ed5909590fcb8f649f287207a7258e255a057a8e757d66e1c",
    "https://deno.land/x/lume@v2.0.1/plugins/json.ts": "f6429bbd865e3666ef3385fd205fcc92df02ca2c0f74f20baa5c0798a81e1642",
    "https://deno.land/x/lume@v2.0.1/plugins/markdown.ts": "7f4f2cff511d81ea39fcea3d3b39dc34c79a952f911398eac919ced25a5e4365",
    "https://deno.land/x/lume@v2.0.1/plugins/modules.ts": "19a66398a5494f506458e48b8443a7c4700b7577e8fcc0818c39b1d0530c8950",
    "https://deno.land/x/lume@v2.0.1/plugins/paginate.ts": "fe6638777662eb7c41276d5a6f3e2ea02688ae51fac39b4c64ea33e386d4fe19",
    "https://deno.land/x/lume@v2.0.1/plugins/search.ts": "8ec3a8f082b8ff1532bbe8f8bf76dfaa2d0feab7c2ec5c824d0ccc044c26f640",
    "https://deno.land/x/lume@v2.0.1/plugins/toml.ts": "60191e1e8fd0922def0b3f0eaad13988217511571a54659481759db4b0ca4f82",
    "https://deno.land/x/lume@v2.0.1/plugins/url.ts": "3d298886cb16e1110d427d2f257de6c2ae0da3cd7076b6abcbbd41e7536ed094",
    "https://deno.land/x/lume@v2.0.1/plugins/vento.ts": "ee0d97841f723303f9b72abbedc31b5a7eb635b5e8198b24720dfdec4e0084cc",
    "https://deno.land/x/lume@v2.0.1/plugins/yaml.ts": "21b1604304240d4de42b2ba0fcfd81b8330fcff8b365a1ee4ff164de6ef3de75",
    "https://deno.land/x/lume@v2.0.1/types.ts": "80cd59bcb94955ea5cfcb8f23a88db5a3f6e241d5e12d2f8b970af660eca3c15",
    "https://deno.land/x/vento@v0.9.1/deps.ts": "1fb4acd6b3b6261c308280b09e8feadac7b0fac1e01bd0e0f1e75527a2181a52",
    "https://deno.land/x/vento@v0.9.1/mod.ts": "ab690911075158ee3762bd7aefe209cdcb6ead7b492f14b0693d7025244db8e6",
    "https://deno.land/x/vento@v0.9.1/plugins/echo.ts": "f7c064fb6d34b29852f46f6e01583ed87656dcbbc5cae51c8f29198d6951d0cf",
    "https://deno.land/x/vento@v0.9.1/plugins/escape.ts": "8115ec84c84c13811f4a43263b8954e912df94df6565d6ff9ce7faea7daa50be",
    "https://deno.land/x/vento@v0.9.1/plugins/export.ts": "ef54811ed0205aaeef6ad09557c94b8ae98e1457234898da5a1c5461a7dcf424",
    "https://deno.land/x/vento@v0.9.1/plugins/for.ts": "6313e139a23ed17ca8b0852031f8d9e11aeb7520b228e68b9233418d25745414",
    "https://deno.land/x/vento@v0.9.1/plugins/function.ts": "cdf610a98493e4a093c53473abdad7d47cbcff40aa8362d280e39910620cb8d6",
    "https://deno.land/x/vento@v0.9.1/plugins/if.ts": "9de295f8675cacaec7866ad21068b6b089bfcadf72d3c62e1df50ca378c04279",
    "https://deno.land/x/vento@v0.9.1/plugins/import.ts": "406204ab9d785db206da5d5cbcffa9a111cef2a39a19574e630cdea89b0691c5",
    "https://deno.land/x/vento@v0.9.1/plugins/include.ts": "a9c65ce90354766220c0c9f7b21ea2db97bed99d9ffbe28f8a5ac035d488b163",
    "https://deno.land/x/vento@v0.9.1/plugins/js.ts": "2c50d60061e9c5b6280a145266e617181534b8767e91127d59d5cf5febdcfb03",
    "https://deno.land/x/vento@v0.9.1/plugins/layout.ts": "b9970b762ba73cf5605e63e585792803a48e326621c6cb2ec216502ba21a90cd",
    "https://deno.land/x/vento@v0.9.1/plugins/set.ts": "016235a906f99cbfab78d29dfdfe8ca0925db7a46458fd873adacd0d7c6ed82d",
    "https://deno.land/x/vento@v0.9.1/plugins/unescape.ts": "946512835a409815d6ad98ac4529440e9a368f42ca499791d0f25ee0ecc4c4d6",
    "https://deno.land/x/vento@v0.9.1/src/environment.ts": "9c28fbf05176297adb93fc688711125b295c69089554d4211cd38a5b04028ec5",
    "https://deno.land/x/vento@v0.9.1/src/loader.ts": "eb01b0dca7ea8bcdcdfd30b1f90f2fad28fb7f2cfd943900322a85bfaa86130c",
    "https://deno.land/x/vento@v0.9.1/src/tokenizer.ts": "e9918ac58f941e048fe08cea10e65fb6e19c00fe7ed31fb050663445f11c6e9d"
  }
}
